// !$*UTF8*$!
{
	archiveVersion = 1;
	classes = {
	};
	objectVersion = 50;
	objects = {

/* Begin PBXBuildFile section */
		1074E09C27AA487D0018C838 /* ListViewModel.swift in Sources */ = {isa = PBXBuildFile; fileRef = 1074E09B27AA487D0018C838 /* ListViewModel.swift */; };
		109FDA0727B8877C006876C9 /* NoItemsView.swift in Sources */ = {isa = PBXBuildFile; fileRef = 109FDA0627B8877C006876C9 /* NoItemsView.swift */; };
		10BA7DEC27A9E2CB00245B04 /* TodoApp.swift in Sources */ = {isa = PBXBuildFile; fileRef = 10BA7DEB27A9E2CB00245B04 /* TodoApp.swift */; };
		10BA7DF027A9E2CC00245B04 /* Assets.xcassets in Resources */ = {isa = PBXBuildFile; fileRef = 10BA7DEF27A9E2CC00245B04 /* Assets.xcassets */; };
		10BA7DF327A9E2CC00245B04 /* Preview Assets.xcassets in Resources */ = {isa = PBXBuildFile; fileRef = 10BA7DF227A9E2CC00245B04 /* Preview Assets.xcassets */; };
		10BA7DFD27A9E2E900245B04 /* ListView.swift in Sources */ = {isa = PBXBuildFile; fileRef = 10BA7DFC27A9E2E900245B04 /* ListView.swift */; };
		10BA7E0227A9E4D500245B04 /* ListElementView.swift in Sources */ = {isa = PBXBuildFile; fileRef = 10BA7E0127A9E4D500245B04 /* ListElementView.swift */; };
		10BA7E0527A9E81600245B04 /* AddView.swift in Sources */ = {isa = PBXBuildFile; fileRef = 10BA7E0427A9E81600245B04 /* AddView.swift */; };
		10BA7E0927A9EDA900245B04 /* ItemModel.swift in Sources */ = {isa = PBXBuildFile; fileRef = 10BA7E0827A9EDA900245B04 /* ItemModel.swift */; };
/* End PBXBuildFile section */

/* Begin PBXFileReference section */
		1074E09B27AA487D0018C838 /* ListViewModel.swift */ = {isa = PBXFileReference; lastKnownFileType = sourcecode.swift; path = ListViewModel.swift; sourceTree = "<group>"; };
		109FDA0627B8877C006876C9 /* NoItemsView.swift */ = {isa = PBXFileReference; lastKnownFileType = sourcecode.swift; path = NoItemsView.swift; sourceTree = "<group>"; };
		10BA7DE827A9E2CB00245B04 /* Todo.app */ = {isa = PBXFileReference; explicitFileType = wrapper.application; includeInIndex = 0; path = Todo.app; sourceTree = BUILT_PRODUCTS_DIR; };
		10BA7DEB27A9E2CB00245B04 /* TodoApp.swift */ = {isa = PBXFileReference; lastKnownFileType = sourcecode.swift; path = TodoApp.swift; sourceTree = "<group>"; };
		10BA7DEF27A9E2CC00245B04 /* Assets.xcassets */ = {isa = PBXFileReference; lastKnownFileType = folder.assetcatalog; path = Assets.xcassets; sourceTree = "<group>"; };
		10BA7DF227A9E2CC00245B04 /* Preview Assets.xcassets */ = {isa = PBXFileReference; lastKnownFileType = folder.assetcatalog; path = "Preview Assets.xcassets"; sourceTree = "<group>"; };
		10BA7DF427A9E2CC00245B04 /* Info.plist */ = {isa = PBXFileReference; lastKnownFileType = text.plist.xml; path = Info.plist; sourceTree = "<group>"; };
		10BA7DFC27A9E2E900245B04 /* ListView.swift */ = {isa = PBXFileReference; lastKnownFileType = sourcecode.swift; path = ListView.swift; sourceTree = "<group>"; };
		10BA7E0127A9E4D500245B04 /* ListElementView.swift */ = {isa = PBXFileReference; lastKnownFileType = sourcecode.swift; path = ListElementView.swift; sourceTree = "<group>"; };
		10BA7E0427A9E81600245B04 /* AddView.swift */ = {isa = PBXFileReference; lastKnownFileType = sourcecode.swift; path = AddView.swift; sourceTree = "<group>"; };
		10BA7E0827A9EDA900245B04 /* ItemModel.swift */ = {isa = PBXFileReference; lastKnownFileType = sourcecode.swift; path = ItemModel.swift; sourceTree = "<group>"; };
/* End PBXFileReference section */

/* Begin PBXFrameworksBuildPhase section */
		10BA7DE527A9E2CB00245B04 /* Frameworks */ = {
			isa = PBXFrameworksBuildPhase;
			buildActionMask = 2147483647;
			files = (
			);
			runOnlyForDeploymentPostprocessing = 0;
		};
/* End PBXFrameworksBuildPhase section */

/* Begin PBXGroup section */
		1074E09A27AA48550018C838 /* ViewModels */ = {
			isa = PBXGroup;
			children = (
				1074E09B27AA487D0018C838 /* ListViewModel.swift */,
			);
			path = ViewModels;
			sourceTree = "<group>";
		};
		10BA7DDF27A9E2CB00245B04 = {
			isa = PBXGroup;
			children = (
				10BA7DEA27A9E2CB00245B04 /* Todo */,
				10BA7DE927A9E2CB00245B04 /* Products */,
			);
			sourceTree = "<group>";
		};
		10BA7DE927A9E2CB00245B04 /* Products */ = {
			isa = PBXGroup;
			children = (
				10BA7DE827A9E2CB00245B04 /* Todo.app */,
			);
			name = Products;
			sourceTree = "<group>";
		};
		10BA7DEA27A9E2CB00245B04 /* Todo */ = {
			isa = PBXGroup;
			children = (
				10BA7DEB27A9E2CB00245B04 /* TodoApp.swift */,
				1074E09A27AA48550018C838 /* ViewModels */,
				10BA7E0727A9ED7B00245B04 /* Models */,
				10BA7DFB27A9E2D600245B04 /* Views */,
				10BA7DEF27A9E2CC00245B04 /* Assets.xcassets */,
				10BA7DF427A9E2CC00245B04 /* Info.plist */,
				10BA7DF127A9E2CC00245B04 /* Preview Content */,
			);
			path = Todo;
			sourceTree = "<group>";
		};
		10BA7DF127A9E2CC00245B04 /* Preview Content */ = {
			isa = PBXGroup;
			children = (
				10BA7DF227A9E2CC00245B04 /* Preview Assets.xcassets */,
			);
			path = "Preview Content";
			sourceTree = "<group>";
		};
		10BA7DFB27A9E2D600245B04 /* Views */ = {
			isa = PBXGroup;
			children = (
				10BA7DFC27A9E2E900245B04 /* ListView.swift */,
				10BA7E0127A9E4D500245B04 /* ListElementView.swift */,
				10BA7E0427A9E81600245B04 /* AddView.swift */,
				109FDA0627B8877C006876C9 /* NoItemsView.swift */,
			);
			path = Views;
			sourceTree = "<group>";
		};
		10BA7E0727A9ED7B00245B04 /* Models */ = {
			isa = PBXGroup;
			children = (
				10BA7E0827A9EDA900245B04 /* ItemModel.swift */,
			);
			path = Models;
			sourceTree = "<group>";
		};
/* End PBXGroup section */

/* Begin PBXNativeTarget section */
		10BA7DE727A9E2CB00245B04 /* Todo */ = {
			isa = PBXNativeTarget;
			buildConfigurationList = 10BA7DF727A9E2CC00245B04 /* Build configuration list for PBXNativeTarget "Todo" */;
			buildPhases = (
				10BA7DE427A9E2CB00245B04 /* Sources */,
				10BA7DE527A9E2CB00245B04 /* Frameworks */,
				10BA7DE627A9E2CB00245B04 /* Resources */,
			);
			buildRules = (
			);
			dependencies = (
			);
			name = Todo;
			productName = Todo;
			productReference = 10BA7DE827A9E2CB00245B04 /* Todo.app */;
			productType = "com.apple.product-type.application";
		};
/* End PBXNativeTarget section */

/* Begin PBXProject section */
		10BA7DE027A9E2CB00245B04 /* Project object */ = {
			isa = PBXProject;
			attributes = {
				LastSwiftUpdateCheck = 1240;
				LastUpgradeCheck = 1240;
				TargetAttributes = {
					10BA7DE727A9E2CB00245B04 = {
						CreatedOnToolsVersion = 12.4;
					};
				};
			};
			buildConfigurationList = 10BA7DE327A9E2CB00245B04 /* Build configuration list for PBXProject "Todo" */;
			compatibilityVersion = "Xcode 9.3";
			developmentRegion = en;
			hasScannedForEncodings = 0;
			knownRegions = (
				en,
				Base,
			);
			mainGroup = 10BA7DDF27A9E2CB00245B04;
			productRefGroup = 10BA7DE927A9E2CB00245B04 /* Products */;
			projectDirPath = "";
			projectRoot = "";
			targets = (
				10BA7DE727A9E2CB00245B04 /* Todo */,
			);
		};
/* End PBXProject section */

/* Begin PBXResourcesBuildPhase section */
		10BA7DE627A9E2CB00245B04 /* Resources */ = {
			isa = PBXResourcesBuildPhase;
			buildActionMask = 2147483647;
			files = (
				10BA7DF327A9E2CC00245B04 /* Preview Assets.xcassets in Resources */,
				10BA7DF027A9E2CC00245B04 /* Assets.xcassets in Resources */,
			);
			runOnlyForDeploymentPostprocessing = 0;
		};
/* End PBXResourcesBuildPhase section */

/* Begin PBXSourcesBuildPhase section */
		10BA7DE427A9E2CB00245B04 /* Sources */ = {
			isa = PBXSourcesBuildPhase;
			buildActionMask = 2147483647;
			files = (
				10BA7E0927A9EDA900245B04 /* ItemModel.swift in Sources */,
				10BA7E0527A9E81600245B04 /* AddView.swift in Sources */,
				1074E09C27AA487D0018C838 /* ListViewModel.swift in Sources */,
				10BA7DEC27A9E2CB00245B04 /* TodoApp.swift in Sources */,
				10BA7DFD27A9E2E900245B04 /* ListView.swift in Sources */,
				109FDA0727B8877C006876C9 /* NoItemsView.swift in Sources */,
				10BA7E0227A9E4D500245B04 /* ListElementView.swift in Sources */,
			);
			runOnlyForDeploymentPostprocessing = 0;
		};
/* End PBXSourcesBuildPhase section */

/* Begin XCBuildConfiguration section */
		10BA7DF527A9E2CC00245B04 /* Debug */ = {
			isa = XCBuildConfiguration;
			buildSettings = {
				ALWAYS_SEARCH_USER_PATHS = NO;
				CLANG_ANALYZER_NONNULL = YES;
				CLANG_ANALYZER_NUMBER_OBJECT_CONVERSION = YES_AGGRESSIVE;
				CLANG_CXX_LANGUAGE_STANDARD = "gnu++14";
				CLANG_CXX_LIBRARY = "libc++";
				CLANG_ENABLE_MODULES = YES;
				CLANG_ENABLE_OBJC_ARC = YES;
				CLANG_ENABLE_OBJC_WEAK = YES;
				CLANG_WARN_BLOCK_CAPTURE_AUTORELEASING = YES;
				CLANG_WARN_BOOL_CONVERSION = YES;
				CLANG_WARN_COMMA = YES;
				CLANG_WARN_CONSTANT_CONVERSION = YES;
				CLANG_WARN_DEPRECATED_OBJC_IMPLEMENTATIONS = YES;
				CLANG_WARN_DIRECT_OBJC_ISA_USAGE = YES_ERROR;
				CLANG_WARN_DOCUMENTATION_COMMENTS = YES;
				CLANG_WARN_EMPTY_BODY = YES;
				CLANG_WARN_ENUM_CONVERSION = YES;
				CLANG_WARN_INFINITE_RECURSION = YES;
				CLANG_WARN_INT_CONVERSION = YES;
				CLANG_WARN_NON_LITERAL_NULL_CONVERSION = YES;
				CLANG_WARN_OBJC_IMPLICIT_RETAIN_SELF = YES;
				CLANG_WARN_OBJC_LITERAL_CONVERSION = YES;
				CLANG_WARN_OBJC_ROOT_CLASS = YES_ERROR;
				CLANG_WARN_QUOTED_INCLUDE_IN_FRAMEWORK_HEADER = YES;
				CLANG_WARN_RANGE_LOOP_ANALYSIS = YES;
				CLANG_WARN_STRICT_PROTOTYPES = YES;
				CLANG_WARN_SUSPICIOUS_MOVE = YES;
				CLANG_WARN_UNGUARDED_AVAILABILITY = YES_AGGRESSIVE;
				CLANG_WARN_UNREACHABLE_CODE = YES;
				CLANG_WARN__DUPLICATE_METHOD_MATCH = YES;
				COPY_PHASE_STRIP = NO;
				DEBUG_INFORMATION_FORMAT = dwarf;
				ENABLE_STRICT_OBJC_MSGSEND = YES;
				ENABLE_TESTABILITY = YES;
				GCC_C_LANGUAGE_STANDARD = gnu11;
				GCC_DYNAMIC_NO_PIC = NO;
				GCC_NO_COMMON_BLOCKS = YES;
				GCC_OPTIMIZATION_LEVEL = 0;
				GCC_PREPROCESSOR_DEFINITIONS = (
					"DEBUG=1",
					"$(inherited)",
				);
				GCC_WARN_64_TO_32_BIT_CONVERSION = YES;
				GCC_WARN_ABOUT_RETURN_TYPE = YES_ERROR;
				GCC_WARN_UNDECLARED_SELECTOR = YES;
				GCC_WARN_UNINITIALIZED_AUTOS = YES_AGGRESSIVE;
				GCC_WARN_UNUSED_FUNCTION = YES;
				GCC_WARN_UNUSED_VARIABLE = YES;
				IPHONEOS_DEPLOYMENT_TARGET = 14.4;
				MTL_ENABLE_DEBUG_INFO = INCLUDE_SOURCE;
				MTL_FAST_MATH = YES;
				ONLY_ACTIVE_ARCH = YES;
				SDKROOT = iphoneos;
				SWIFT_ACTIVE_COMPILATION_CONDITIONS = DEBUG;
				SWIFT_OPTIMIZATION_LEVEL = "-Onone";
			};
			name = Debug;
		};
		10BA7DF627A9E2CC00245B04 /* Release */ = {
			isa = XCBuildConfiguration;
			buildSettings = {
				ALWAYS_SEARCH_USER_PATHS = NO;
				CLANG_ANALYZER_NONNULL = YES;
				CLANG_ANALYZER_NUMBER_OBJECT_CONVERSION = YES_AGGRESSIVE;
				CLANG_CXX_LANGUAGE_STANDARD = "gnu++14";
				CLANG_CXX_LIBRARY = "libc++";
				CLANG_ENABLE_MODULES = YES;
				CLANG_ENABLE_OBJC_ARC = YES;
				CLANG_ENABLE_OBJC_WEAK = YES;
				CLANG_WARN_BLOCK_CAPTURE_AUTORELEASING = YES;
				CLANG_WARN_BOOL_CONVERSION = YES;
				CLANG_WARN_COMMA = YES;
				CLANG_WARN_CONSTANT_CONVERSION = YES;
				CLANG_WARN_DEPRECATED_OBJC_IMPLEMENTATIONS = YES;
				CLANG_WARN_DIRECT_OBJC_ISA_USAGE = YES_ERROR;
				CLANG_WARN_DOCUMENTATION_COMMENTS = YES;
				CLANG_WARN_EMPTY_BODY = YES;
				CLANG_WARN_ENUM_CONVERSION = YES;
				CLANG_WARN_INFINITE_RECURSION = YES;
				CLANG_WARN_INT_CONVERSION = YES;
				CLANG_WARN_NON_LITERAL_NULL_CONVERSION = YES;
				CLANG_WARN_OBJC_IMPLICIT_RETAIN_SELF = YES;
				CLANG_WARN_OBJC_LITERAL_CONVERSION = YES;
				CLANG_WARN_OBJC_ROOT_CLASS = YES_ERROR;
				CLANG_WARN_QUOTED_INCLUDE_IN_FRAMEWORK_HEADER = YES;
				CLANG_WARN_RANGE_LOOP_ANALYSIS = YES;
				CLANG_WARN_STRICT_PROTOTYPES = YES;
				CLANG_WARN_SUSPICIOUS_MOVE = YES;
				CLANG_WARN_UNGUARDED_AVAILABILITY = YES_AGGRESSIVE;
				CLANG_WARN_UNREACHABLE_CODE = YES;
				CLANG_WARN__DUPLICATE_METHOD_MATCH = YES;
				COPY_PHASE_STRIP = NO;
				DEBUG_INFORMATION_FORMAT = "dwarf-with-dsym";
				ENABLE_NS_ASSERTIONS = NO;
				ENABLE_STRICT_OBJC_MSGSEND = YES;
				GCC_C_LANGUAGE_STANDARD = gnu11;
				GCC_NO_COMMON_BLOCKS = YES;
				GCC_WARN_64_TO_32_BIT_CONVERSION = YES;
				GCC_WARN_ABOUT_RETURN_TYPE = YES_ERROR;
				GCC_WARN_UNDECLARED_SELECTOR = YES;
				GCC_WARN_UNINITIALIZED_AUTOS = YES_AGGRESSIVE;
				GCC_WARN_UNUSED_FUNCTION = YES;
				GCC_WARN_UNUSED_VARIABLE = YES;
				IPHONEOS_DEPLOYMENT_TARGET = 14.4;
				MTL_ENABLE_DEBUG_INFO = NO;
				MTL_FAST_MATH = YES;
				SDKROOT = iphoneos;
				SWIFT_COMPILATION_MODE = wholemodule;
				SWIFT_OPTIMIZATION_LEVEL = "-O";
				VALIDATE_PRODUCT = YES;
			};
			name = Release;
		};
		10BA7DF827A9E2CC00245B04 /* Debug */ = {
			isa = XCBuildConfiguration;
			buildSettings = {
				ASSETCATALOG_COMPILER_APPICON_NAME = AppIcon;
				ASSETCATALOG_COMPILER_GLOBAL_ACCENT_COLOR_NAME = AccentColor;
				CODE_SIGN_STYLE = Automatic;
				DEVELOPMENT_ASSET_PATHS = "\"Todo/Preview Content\"";
				DEVELOPMENT_TEAM = PMALJ6A5SR;
				ENABLE_PREVIEWS = YES;
				INFOPLIST_FILE = Todo/Info.plist;
				IPHONEOS_DEPLOYMENT_TARGET = 14.0;
				LD_RUNPATH_SEARCH_PATHS = (
					"$(inherited)",
					"@executable_path/Frameworks",
				);
				PRODUCT_BUNDLE_IDENTIFIER = com.carrizomiguel.Todo;
				PRODUCT_NAME = "$(TARGET_NAME)";
				SWIFT_VERSION = 5.0;
				TARGETED_DEVICE_FAMILY = "1,2";
			};
			name = Debug;
		};
		10BA7DF927A9E2CC00245B04 /* Release */ = {
			isa = XCBuildConfiguration;
			buildSettings = {
				ASSETCATALOG_COMPILER_APPICON_NAME = AppIcon;
				ASSETCATALOG_COMPILER_GLOBAL_ACCENT_COLOR_NAME = AccentColor;
				CODE_SIGN_STYLE = Automatic;
				DEVELOPMENT_ASSET_PATHS = "\"Todo/Preview Content\"";
				DEVELOPMENT_TEAM = PMALJ6A5SR;
				ENABLE_PREVIEWS = YES;
				INFOPLIST_FILE = Todo/Info.plist;
				IPHONEOS_DEPLOYMENT_TARGET = 14.0;
				LD_RUNPATH_SEARCH_PATHS = (
					"$(inherited)",
					"@executable_path/Frameworks",
				);
				PRODUCT_BUNDLE_IDENTIFIER = com.carrizomiguel.Todo;
				PRODUCT_NAME = "$(TARGET_NAME)";
				SWIFT_VERSION = 5.0;
				TARGETED_DEVICE_FAMILY = "1,2";
			};
			name = Release;
		};
/* End XCBuildConfiguration section */

/* Begin XCConfigurationList section */
		10BA7DE327A9E2CB00245B04 /* Build configuration list for PBXProject "Todo" */ = {
			isa = XCConfigurationList;
			buildConfigurations = (
				10BA7DF527A9E2CC00245B04 /* Debug */,
				10BA7DF627A9E2CC00245B04 /* Release */,
			);
			defaultConfigurationIsVisible = 0;
			defaultConfigurationName = Release;
		};
		10BA7DF727A9E2CC00245B04 /* Build configuration list for PBXNativeTarget "Todo" */ = {
			isa = XCConfigurationList;
			buildConfigurations = (
				10BA7DF827A9E2CC00245B04 /* Debug */,
				10BA7DF927A9E2CC00245B04 /* Release */,
			);
			defaultConfigurationIsVisible = 0;
			defaultConfigurationName = Release;
		};
/* End XCConfigurationList section */
	};
	rootObject = 10BA7DE027A9E2CB00245B04 /* Project object */;
}
